
Microsoft Visual Studio Solution File, Format Version 12.00
# Visual Studio 2013
VisualStudioVersion = 12.0.21005.1
MinimumVisualStudioVersion = 10.0.40219.1
Project("{FAE04EC0-301F-11D3-BF4B-00C04F79EFBC}") = "LoginSample", "LoginSample\LoginSample.csproj", "{7B95530F-DF22-48FD-8A67-41CF21860759}"
EndProject
Project("{FAE04EC0-301F-11D3-BF4B-00C04F79EFBC}") = "SampleUI", "SampleUI\SampleUI.csproj", "{AEE176DA-AD8C-4158-8A82-1ACECC464F56}"
EndProject
Global
	GlobalSection(SolutionConfigurationPlatforms) = preSolution
		Debug|Any CPU = Debug|Any CPU
		Release|Any CPU = Release|Any CPU
	EndGlobalSection
	GlobalSection(ProjectConfigurationPlatforms) = postSolution
		{7B95530F-DF22-48FD-8A67-41CF21860759}.Debug|Any CPU.ActiveCfg = Debug|Any CPU
		{7B95530F-DF22-48FD-8A67-41CF21860759}.Debug|Any CPU.Build.0 = Debug|Any CPU
		{7B95530F-DF22-48FD-8A67-41CF21860759}.Release|Any CPU.ActiveCfg = Release|Any CPU
		{7B95530F-DF22-48FD-8A67-41CF21860759}.Release|Any CPU.Build.0 = Release|Any CPU
		{AEE176DA-AD8C-4158-8A82-1ACECC464F56}.Debug|Any CPU.ActiveCfg = Debug|Any CPU
		{AEE176DA-AD8C-4158-8A82-1ACECC464F56}.Debug|Any CPU.Build.0 = Debug|Any CPU
		{AEE176DA-AD8C-4158-8A82-1ACECC464F56}.Release|Any CPU.ActiveCfg = Release|Any CPU
		{AEE176DA-AD8C-4158-8A82-1ACECC464F56}.Release|Any CPU.Build.0 = Release|Any CPU
	EndGlobalSection
	GlobalSection(SolutionProperties) = preSolution
		HideSolutionNode = FALSE
	EndGlobalSection
EndGlobal
